
Microsoft Visual Studio Solution File, Format Version 12.00
# Visual Studio Version 16
VisualStudioVersion = 16.0.28809.33
MinimumVisualStudioVersion = 10.0.40219.1
Project("{FAE04EC0-301F-11D3-BF4B-00C04F79EFBC}") = "WpfApplication1", "WpfApplication1\WpfApplication1.csproj", "{D0C4A29F-0C79-45EE-8342-8549CD35EDFC}"
EndProject
Project("{2150E333-8FDC-42A3-9474-1A3956D46DE8}") = "Solution Items", "Solution Items", "{86DF763C-8FF5-4B4A-B7EF-02EC8320E750}"
	ProjectSection(SolutionItems) = preProject
		Class1.cs = Class1.cs
		sample.json = sample.json
	EndProjectSection
EndProject
Global
	GlobalSection(SolutionConfigurationPlatforms) = preSolution
		Debug|Any CPU = Debug|Any CPU
		Release|Any CPU = Release|Any CPU
	EndGlobalSection
	GlobalSection(ProjectConfigurationPlatforms) = postSolution
		{D0C4A29F-0C79-45EE-8342-8549CD35EDFC}.Debug|Any CPU.ActiveCfg = Debug|Any CPU
		{D0C4A29F-0C79-45EE-8342-8549CD35EDFC}.Debug|Any CPU.Build.0 = Debug|Any CPU
		{D0C4A29F-0C79-45EE-8342-8549CD35EDFC}.Release|Any CPU.ActiveCfg = Release|Any CPU
		{D0C4A29F-0C79-45EE-8342-8549CD35EDFC}.Release|Any CPU.Build.0 = Release|Any CPU
	EndGlobalSection
	GlobalSection(SolutionProperties) = preSolution
		HideSolutionNode = FALSE
	EndGlobalSection
	GlobalSection(ExtensibilityGlobals) = postSolution
		SolutionGuid = {C57AEFB7-E135-4C0B-B744-C458AB9240F7}
	EndGlobalSection
EndGlobal
